
Microsoft Visual Studio Solution File, Format Version 12.00
# Visual Studio Version 17
VisualStudioVersion = 17.9.34728.123
MinimumVisualStudioVersion = 10.0.40219.1
Project("{FAE04EC0-301F-11D3-BF4B-00C04F79EFBC}") = "ExercicioTres", "ExercicioTres\ExercicioTres.csproj", "{FBEC25B2-DBA9-4F47-A3BF-085FB24CE95A}"
EndProject
Global
	GlobalSection(SolutionConfigurationPlatforms) = preSolution
		Debug|Any CPU = Debug|Any CPU
		Release|Any CPU = Release|Any CPU
	EndGlobalSection
	GlobalSection(ProjectConfigurationPlatforms) = postSolution
		{FBEC25B2-DBA9-4F47-A3BF-085FB24CE95A}.Debug|Any CPU.ActiveCfg = Debug|Any CPU
		{FBEC25B2-DBA9-4F47-A3BF-085FB24CE95A}.Debug|Any CPU.Build.0 = Debug|Any CPU
		{FBEC25B2-DBA9-4F47-A3BF-085FB24CE95A}.Release|Any CPU.ActiveCfg = Release|Any CPU
		{FBEC25B2-DBA9-4F47-A3BF-085FB24CE95A}.Release|Any CPU.Build.0 = Release|Any CPU
	EndGlobalSection
	GlobalSection(SolutionProperties) = preSolution
		HideSolutionNode = FALSE
	EndGlobalSection
	GlobalSection(ExtensibilityGlobals) = postSolution
		SolutionGuid = {D218B6B7-F375-4FBA-A668-03A735DADF58}
	EndGlobalSection
EndGlobal
